
Microsoft Visual Studio Solution File, Format Version 12.00
# Visual Studio Version 16
VisualStudioVersion = 16.0.30611.23
MinimumVisualStudioVersion = 10.0.40219.1
Project("{FAE04EC0-301F-11D3-BF4B-00C04F79EFBC}") = "ToDoList1", "ToDoList1\ToDoList1.csproj", "{5C893BF2-F4C1-43C0-8F00-04245C164F4A}"
EndProject
Global
	GlobalSection(SolutionConfigurationPlatforms) = preSolution
		Debug|Any CPU = Debug|Any CPU
		Release|Any CPU = Release|Any CPU
	EndGlobalSection
	GlobalSection(ProjectConfigurationPlatforms) = postSolution
		{5C893BF2-F4C1-43C0-8F00-04245C164F4A}.Debug|Any CPU.ActiveCfg = Debug|Any CPU
		{5C893BF2-F4C1-43C0-8F00-04245C164F4A}.Debug|Any CPU.Build.0 = Debug|Any CPU
		{5C893BF2-F4C1-43C0-8F00-04245C164F4A}.Release|Any CPU.ActiveCfg = Release|Any CPU
		{5C893BF2-F4C1-43C0-8F00-04245C164F4A}.Release|Any CPU.Build.0 = Release|Any CPU
	EndGlobalSection
	GlobalSection(SolutionProperties) = preSolution
		HideSolutionNode = FALSE
	EndGlobalSection
	GlobalSection(ExtensibilityGlobals) = postSolution
		SolutionGuid = {4B6D735E-40D6-4437-9997-A6A9A90C7037}
	EndGlobalSection
EndGlobal
